
Microsoft Visual Studio Solution File, Format Version 12.00
# Visual Studio Version 16
VisualStudioVersion = 16.0.30804.86
MinimumVisualStudioVersion = 10.0.40219.1
Project("{FAE04EC0-301F-11D3-BF4B-00C04F79EFBC}") = "Chess", "Chess\Chess.csproj", "{66F83D56-7C78-4B8D-A5F5-006FB0FE7224}"
EndProject
Project("{9A19103F-16F7-4668-BE54-9A1E7A4F7556}") = "ChessServer", "ChessServer\ChessServer.csproj", "{C88741EC-06D5-4D8D-9CE8-84A1C12A41E5}"
EndProject
Project("{FAE04EC0-301F-11D3-BF4B-00C04F79EFBC}") = "ChineseChessControl", "ChineseChessControl\ChineseChessControl.csproj", "{F15F2CFC-6B35-4DBA-B713-33306E29F4D1}"
EndProject
Global
	GlobalSection(SolutionConfigurationPlatforms) = preSolution
		Debug|Any CPU = Debug|Any CPU
		Release|Any CPU = Release|Any CPU
	EndGlobalSection
	GlobalSection(ProjectConfigurationPlatforms) = postSolution
		{66F83D56-7C78-4B8D-A5F5-006FB0FE7224}.Debug|Any CPU.ActiveCfg = Debug|Any CPU
		{66F83D56-7C78-4B8D-A5F5-006FB0FE7224}.Debug|Any CPU.Build.0 = Debug|Any CPU
		{66F83D56-7C78-4B8D-A5F5-006FB0FE7224}.Release|Any CPU.ActiveCfg = Release|Any CPU
		{66F83D56-7C78-4B8D-A5F5-006FB0FE7224}.Release|Any CPU.Build.0 = Release|Any CPU
		{C88741EC-06D5-4D8D-9CE8-84A1C12A41E5}.Debug|Any CPU.ActiveCfg = Debug|Any CPU
		{C88741EC-06D5-4D8D-9CE8-84A1C12A41E5}.Debug|Any CPU.Build.0 = Debug|Any CPU
		{C88741EC-06D5-4D8D-9CE8-84A1C12A41E5}.Release|Any CPU.ActiveCfg = Release|Any CPU
		{C88741EC-06D5-4D8D-9CE8-84A1C12A41E5}.Release|Any CPU.Build.0 = Release|Any CPU
		{F15F2CFC-6B35-4DBA-B713-33306E29F4D1}.Debug|Any CPU.ActiveCfg = Debug|Any CPU
		{F15F2CFC-6B35-4DBA-B713-33306E29F4D1}.Debug|Any CPU.Build.0 = Debug|Any CPU
		{F15F2CFC-6B35-4DBA-B713-33306E29F4D1}.Release|Any CPU.ActiveCfg = Release|Any CPU
		{F15F2CFC-6B35-4DBA-B713-33306E29F4D1}.Release|Any CPU.Build.0 = Release|Any CPU
	EndGlobalSection
	GlobalSection(SolutionProperties) = preSolution
		HideSolutionNode = FALSE
	EndGlobalSection
	GlobalSection(ExtensibilityGlobals) = postSolution
		SolutionGuid = {6593B297-3611-49CB-8E56-BE2D329ED17D}
	EndGlobalSection
EndGlobal
